// !$*UTF8*$!
{
	archiveVersion = 1;
	classes = {
	};
	objectVersion = 48;
	objects = {

/* Begin PBXBuildFile section */
		050E49841FDC539A001EEFD3 /* HarborViewController.swift in Sources */ = {isa = PBXBuildFile; fileRef = 050E49831FDC539A001EEFD3 /* HarborViewController.swift */; };
		057A01241FB2317A00D951BE /* AppDelegate.swift in Sources */ = {isa = PBXBuildFile; fileRef = 057A01231FB2317A00D951BE /* AppDelegate.swift */; };
		057A01261FB2317A00D951BE /* FirstViewController.swift in Sources */ = {isa = PBXBuildFile; fileRef = 057A01251FB2317A00D951BE /* FirstViewController.swift */; };
		057A01281FB2317A00D951BE /* SecondViewController.swift in Sources */ = {isa = PBXBuildFile; fileRef = 057A01271FB2317A00D951BE /* SecondViewController.swift */; };
		057A012B1FB2317A00D951BE /* Main.storyboard in Resources */ = {isa = PBXBuildFile; fileRef = 057A01291FB2317A00D951BE /* Main.storyboard */; };
		057A012D1FB2317A00D951BE /* Assets.xcassets in Resources */ = {isa = PBXBuildFile; fileRef = 057A012C1FB2317A00D951BE /* Assets.xcassets */; };
		057A01301FB2317A00D951BE /* LaunchScreen.storyboard in Resources */ = {isa = PBXBuildFile; fileRef = 057A012E1FB2317A00D951BE /* LaunchScreen.storyboard */; };
		05E822461FD89B6C00327CCB /* Scrape.swift in Sources */ = {isa = PBXBuildFile; fileRef = 05E822451FD89B6C00327CCB /* Scrape.swift */; };
		8D51752FCD1C302ACE24A6D6 /* Pods_Sail_iOS.framework in Frameworks */ = {isa = PBXBuildFile; fileRef = E27B2A714559754FF59DE95D /* Pods_Sail_iOS.framework */; };
/* End PBXBuildFile section */

/* Begin PBXFileReference section */
		050E49831FDC539A001EEFD3 /* HarborViewController.swift */ = {isa = PBXFileReference; lastKnownFileType = sourcecode.swift; path = HarborViewController.swift; sourceTree = "<group>"; };
		050E49861FDC5585001EEFD3 /* SwiftSoup.framework */ = {isa = PBXFileReference; explicitFileType = wrapper.framework; path = SwiftSoup.framework; sourceTree = BUILT_PRODUCTS_DIR; };
		057A01201FB2317A00D951BE /* Sail-iOS.app */ = {isa = PBXFileReference; explicitFileType = wrapper.application; includeInIndex = 0; path = "Sail-iOS.app"; sourceTree = BUILT_PRODUCTS_DIR; };
		057A01231FB2317A00D951BE /* AppDelegate.swift */ = {isa = PBXFileReference; lastKnownFileType = sourcecode.swift; path = AppDelegate.swift; sourceTree = "<group>"; };
		057A01251FB2317A00D951BE /* FirstViewController.swift */ = {isa = PBXFileReference; lastKnownFileType = sourcecode.swift; path = FirstViewController.swift; sourceTree = "<group>"; };
		057A01271FB2317A00D951BE /* SecondViewController.swift */ = {isa = PBXFileReference; lastKnownFileType = sourcecode.swift; path = SecondViewController.swift; sourceTree = "<group>"; };
		057A012A1FB2317A00D951BE /* Base */ = {isa = PBXFileReference; lastKnownFileType = file.storyboard; name = Base; path = Base.lproj/Main.storyboard; sourceTree = "<group>"; };
		057A012C1FB2317A00D951BE /* Assets.xcassets */ = {isa = PBXFileReference; lastKnownFileType = folder.assetcatalog; path = Assets.xcassets; sourceTree = "<group>"; };
		057A012F1FB2317A00D951BE /* Base */ = {isa = PBXFileReference; lastKnownFileType = file.storyboard; name = Base; path = Base.lproj/LaunchScreen.storyboard; sourceTree = "<group>"; };
		057A01311FB2317A00D951BE /* Info.plist */ = {isa = PBXFileReference; lastKnownFileType = text.plist.xml; path = Info.plist; sourceTree = "<group>"; };
		0592013A1FDC8B3E00B9E5FB /* Kanna.framework */ = {isa = PBXFileReference; explicitFileType = wrapper.framework; path = Kanna.framework; sourceTree = BUILT_PRODUCTS_DIR; };
		05E822451FD89B6C00327CCB /* Scrape.swift */ = {isa = PBXFileReference; lastKnownFileType = sourcecode.swift; path = Scrape.swift; sourceTree = "<group>"; };
		81B41AAD4ACBD36CF6CB4A37 /* Pods-Sail-iOS.release.xcconfig */ = {isa = PBXFileReference; includeInIndex = 1; lastKnownFileType = text.xcconfig; name = "Pods-Sail-iOS.release.xcconfig"; path = "Pods/Target Support Files/Pods-Sail-iOS/Pods-Sail-iOS.release.xcconfig"; sourceTree = "<group>"; };
		B1FCD627545561EEF1BDF60D /* Pods-Sail-iOS.debug.xcconfig */ = {isa = PBXFileReference; includeInIndex = 1; lastKnownFileType = text.xcconfig; name = "Pods-Sail-iOS.debug.xcconfig"; path = "Pods/Target Support Files/Pods-Sail-iOS/Pods-Sail-iOS.debug.xcconfig"; sourceTree = "<group>"; };
		E27B2A714559754FF59DE95D /* Pods_Sail_iOS.framework */ = {isa = PBXFileReference; explicitFileType = wrapper.framework; includeInIndex = 0; path = Pods_Sail_iOS.framework; sourceTree = BUILT_PRODUCTS_DIR; };
/* End PBXFileReference section */

/* Begin PBXFrameworksBuildPhase section */
		057A011D1FB2317A00D951BE /* Frameworks */ = {
			isa = PBXFrameworksBuildPhase;
			buildActionMask = 2147483647;
			files = (
				8D51752FCD1C302ACE24A6D6 /* Pods_Sail_iOS.framework in Frameworks */,
			);
			runOnlyForDeploymentPostprocessing = 0;
		};
/* End PBXFrameworksBuildPhase section */

/* Begin PBXGroup section */
		057A01171FB2317A00D951BE = {
			isa = PBXGroup;
			children = (
				057A01221FB2317A00D951BE /* Sail-iOS */,
				057A01211FB2317A00D951BE /* Products */,
				16ADF496A19672CF58025E85 /* Pods */,
				2F6C344C821A2C4B7CBAF5F1 /* Frameworks */,
			);
			sourceTree = "<group>";
		};
		057A01211FB2317A00D951BE /* Products */ = {
			isa = PBXGroup;
			children = (
				057A01201FB2317A00D951BE /* Sail-iOS.app */,
			);
			name = Products;
			sourceTree = "<group>";
		};
		057A01221FB2317A00D951BE /* Sail-iOS */ = {
			isa = PBXGroup;
			children = (
				057A01231FB2317A00D951BE /* AppDelegate.swift */,
				057A01251FB2317A00D951BE /* FirstViewController.swift */,
				050E49831FDC539A001EEFD3 /* HarborViewController.swift */,
				05E822451FD89B6C00327CCB /* Scrape.swift */,
				057A01271FB2317A00D951BE /* SecondViewController.swift */,
				057A01291FB2317A00D951BE /* Main.storyboard */,
				057A012C1FB2317A00D951BE /* Assets.xcassets */,
				057A012E1FB2317A00D951BE /* LaunchScreen.storyboard */,
				057A01311FB2317A00D951BE /* Info.plist */,
			);
			path = "Sail-iOS";
			sourceTree = "<group>";
		};
		16ADF496A19672CF58025E85 /* Pods */ = {
			isa = PBXGroup;
			children = (
				B1FCD627545561EEF1BDF60D /* Pods-Sail-iOS.debug.xcconfig */,
				81B41AAD4ACBD36CF6CB4A37 /* Pods-Sail-iOS.release.xcconfig */,
			);
			name = Pods;
			sourceTree = "<group>";
		};
		2F6C344C821A2C4B7CBAF5F1 /* Frameworks */ = {
			isa = PBXGroup;
			children = (
				0592013A1FDC8B3E00B9E5FB /* Kanna.framework */,
				050E49861FDC5585001EEFD3 /* SwiftSoup.framework */,
				E27B2A714559754FF59DE95D /* Pods_Sail_iOS.framework */,
			);
			name = Frameworks;
			sourceTree = "<group>";
		};
/* End PBXGroup section */

/* Begin PBXNativeTarget section */
		057A011F1FB2317A00D951BE /* Sail-iOS */ = {
			isa = PBXNativeTarget;
			buildConfigurationList = 057A01341FB2317A00D951BE /* Build configuration list for PBXNativeTarget "Sail-iOS" */;
			buildPhases = (
				9861BA2A15FB84572E19E039 /* [CP] Check Pods Manifest.lock */,
				057A011C1FB2317A00D951BE /* Sources */,
				057A011D1FB2317A00D951BE /* Frameworks */,
				057A011E1FB2317A00D951BE /* Resources */,
				691D8CDDB8ACFC06BB96BEAA /* [CP] Embed Pods Frameworks */,
				C3C8286E9C21757BF3A1B30B /* [CP] Copy Pods Resources */,
			);
			buildRules = (
			);
			dependencies = (
			);
			name = "Sail-iOS";
			productName = "Sail-iOS";
			productReference = 057A01201FB2317A00D951BE /* Sail-iOS.app */;
			productType = "com.apple.product-type.application";
		};
/* End PBXNativeTarget section */

/* Begin PBXProject section */
		057A01181FB2317A00D951BE /* Project object */ = {
			isa = PBXProject;
			attributes = {
				LastSwiftUpdateCheck = 0910;
				LastUpgradeCheck = 0910;
				ORGANIZATIONNAME = "Ryan Paglinawan";
				TargetAttributes = {
					057A011F1FB2317A00D951BE = {
						CreatedOnToolsVersion = 9.1;
						ProvisioningStyle = Automatic;
					};
				};
			};
			buildConfigurationList = 057A011B1FB2317A00D951BE /* Build configuration list for PBXProject "Sail-iOS" */;
			compatibilityVersion = "Xcode 8.0";
			developmentRegion = en;
			hasScannedForEncodings = 0;
			knownRegions = (
				en,
				Base,
			);
			mainGroup = 057A01171FB2317A00D951BE;
			productRefGroup = 057A01211FB2317A00D951BE /* Products */;
			projectDirPath = "";
			projectRoot = "";
			targets = (
				057A011F1FB2317A00D951BE /* Sail-iOS */,
			);
		};
/* End PBXProject section */

/* Begin PBXResourcesBuildPhase section */
		057A011E1FB2317A00D951BE /* Resources */ = {
			isa = PBXResourcesBuildPhase;
			buildActionMask = 2147483647;
			files = (
				057A01301FB2317A00D951BE /* LaunchScreen.storyboard in Resources */,
				057A012D1FB2317A00D951BE /* Assets.xcassets in Resources */,
				057A012B1FB2317A00D951BE /* Main.storyboard in Resources */,
			);
			runOnlyForDeploymentPostprocessing = 0;
		};
/* End PBXResourcesBuildPhase section */

/* Begin PBXShellScriptBuildPhase section */
		691D8CDDB8ACFC06BB96BEAA /* [CP] Embed Pods Frameworks */ = {
			isa = PBXShellScriptBuildPhase;
			buildActionMask = 2147483647;
			files = (
			);
			inputPaths = (
				"${SRCROOT}/Pods/Target Support Files/Pods-Sail-iOS/Pods-Sail-iOS-frameworks.sh",
				"${BUILT_PRODUCTS_DIR}/Alamofire/Alamofire.framework",
				"${BUILT_PRODUCTS_DIR}/SwiftSoup/SwiftSoup.framework",
			);
			name = "[CP] Embed Pods Frameworks";
			outputPaths = (
				"${TARGET_BUILD_DIR}/${FRAMEWORKS_FOLDER_PATH}/Alamofire.framework",
				"${TARGET_BUILD_DIR}/${FRAMEWORKS_FOLDER_PATH}/SwiftSoup.framework",
			);
			runOnlyForDeploymentPostprocessing = 0;
			shellPath = /bin/sh;
			shellScript = "\"${SRCROOT}/Pods/Target Support Files/Pods-Sail-iOS/Pods-Sail-iOS-frameworks.sh\"\n";
			showEnvVarsInLog = 0;
		};
		9861BA2A15FB84572E19E039 /* [CP] Check Pods Manifest.lock */ = {
			isa = PBXShellScriptBuildPhase;
			buildActionMask = 2147483647;
			files = (
			);
			inputPaths = (
				"${PODS_PODFILE_DIR_PATH}/Podfile.lock",
				"${PODS_ROOT}/Manifest.lock",
			);
			name = "[CP] Check Pods Manifest.lock";
			outputPaths = (
				"$(DERIVED_FILE_DIR)/Pods-Sail-iOS-checkManifestLockResult.txt",
			);
			runOnlyForDeploymentPostprocessing = 0;
			shellPath = /bin/sh;
			shellScript = "diff \"${PODS_PODFILE_DIR_PATH}/Podfile.lock\" \"${PODS_ROOT}/Manifest.lock\" > /dev/null\nif [ $? != 0 ] ; then\n    # print error to STDERR\n    echo \"error: The sandbox is not in sync with the Podfile.lock. Run 'pod install' or update your CocoaPods installation.\" >&2\n    exit 1\nfi\n# This output is used by Xcode 'outputs' to avoid re-running this script phase.\necho \"SUCCESS\" > \"${SCRIPT_OUTPUT_FILE_0}\"\n";
			showEnvVarsInLog = 0;
		};
		C3C8286E9C21757BF3A1B30B /* [CP] Copy Pods Resources */ = {
			isa = PBXShellScriptBuildPhase;
			buildActionMask = 2147483647;
			files = (
			);
			inputPaths = (
				"${SRCROOT}/Pods/Target Support Files/Pods-Sail-iOS/Pods-Sail-iOS-resources.sh",
				"${PODS_ROOT}/GoogleSignIn/Resources/GoogleSignIn.bundle",
			);
			name = "[CP] Copy Pods Resources";
			outputPaths = (
				"${TARGET_BUILD_DIR}/${UNLOCALIZED_RESOURCES_FOLDER_PATH}",
			);
			runOnlyForDeploymentPostprocessing = 0;
			shellPath = /bin/sh;
			shellScript = "\"${SRCROOT}/Pods/Target Support Files/Pods-Sail-iOS/Pods-Sail-iOS-resources.sh\"\n";
			showEnvVarsInLog = 0;
		};
/* End PBXShellScriptBuildPhase section */

/* Begin PBXSourcesBuildPhase section */
		057A011C1FB2317A00D951BE /* Sources */ = {
			isa = PBXSourcesBuildPhase;
			buildActionMask = 2147483647;
			files = (
				057A01281FB2317A00D951BE /* SecondViewController.swift in Sources */,
				050E49841FDC539A001EEFD3 /* HarborViewController.swift in Sources */,
				05E822461FD89B6C00327CCB /* Scrape.swift in Sources */,
				057A01241FB2317A00D951BE /* AppDelegate.swift in Sources */,
				057A01261FB2317A00D951BE /* FirstViewController.swift in Sources */,
			);
			runOnlyForDeploymentPostprocessing = 0;
		};
/* End PBXSourcesBuildPhase section */

/* Begin PBXVariantGroup section */
		057A01291FB2317A00D951BE /* Main.storyboard */ = {
			isa = PBXVariantGroup;
			children = (
				057A012A1FB2317A00D951BE /* Base */,
			);
			name = Main.storyboard;
			sourceTree = "<group>";
		};
		057A012E1FB2317A00D951BE /* LaunchScreen.storyboard */ = {
			isa = PBXVariantGroup;
			children = (
				057A012F1FB2317A00D951BE /* Base */,
			);
			name = LaunchScreen.storyboard;
			sourceTree = "<group>";
		};
/* End PBXVariantGroup section */

/* Begin XCBuildConfiguration section */
		057A01321FB2317A00D951BE /* Debug */ = {
			isa = XCBuildConfiguration;
			buildSettings = {
				ALWAYS_SEARCH_USER_PATHS = NO;
				CLANG_ANALYZER_NONNULL = YES;
				CLANG_ANALYZER_NUMBER_OBJECT_CONVERSION = YES_AGGRESSIVE;
				CLANG_CXX_LANGUAGE_STANDARD = "gnu++14";
				CLANG_CXX_LIBRARY = "libc++";
				CLANG_ENABLE_MODULES = YES;
				CLANG_ENABLE_OBJC_ARC = YES;
				CLANG_WARN_BLOCK_CAPTURE_AUTORELEASING = YES;
				CLANG_WARN_BOOL_CONVERSION = YES;
				CLANG_WARN_COMMA = YES;
				CLANG_WARN_CONSTANT_CONVERSION = YES;
				CLANG_WARN_DIRECT_OBJC_ISA_USAGE = YES_ERROR;
				CLANG_WARN_DOCUMENTATION_COMMENTS = YES;
				CLANG_WARN_EMPTY_BODY = YES;
				CLANG_WARN_ENUM_CONVERSION = YES;
				CLANG_WARN_INFINITE_RECURSION = YES;
				CLANG_WARN_INT_CONVERSION = YES;
				CLANG_WARN_NON_LITERAL_NULL_CONVERSION = YES;
				CLANG_WARN_OBJC_LITERAL_CONVERSION = YES;
				CLANG_WARN_OBJC_ROOT_CLASS = YES_ERROR;
				CLANG_WARN_RANGE_LOOP_ANALYSIS = YES;
				CLANG_WARN_STRICT_PROTOTYPES = YES;
				CLANG_WARN_SUSPICIOUS_MOVE = YES;
				CLANG_WARN_UNGUARDED_AVAILABILITY = YES_AGGRESSIVE;
				CLANG_WARN_UNREACHABLE_CODE = YES;
				CLANG_WARN__DUPLICATE_METHOD_MATCH = YES;
				CODE_SIGN_IDENTITY = "iPhone Developer";
				COPY_PHASE_STRIP = NO;
				DEBUG_INFORMATION_FORMAT = dwarf;
				ENABLE_STRICT_OBJC_MSGSEND = YES;
				ENABLE_TESTABILITY = YES;
				GCC_C_LANGUAGE_STANDARD = gnu11;
				GCC_DYNAMIC_NO_PIC = NO;
				GCC_NO_COMMON_BLOCKS = YES;
				GCC_OPTIMIZATION_LEVEL = 0;
				GCC_PREPROCESSOR_DEFINITIONS = (
					"DEBUG=1",
					"$(inherited)",
				);
				GCC_WARN_64_TO_32_BIT_CONVERSION = YES;
				GCC_WARN_ABOUT_RETURN_TYPE = YES_ERROR;
				GCC_WARN_UNDECLARED_SELECTOR = YES;
				GCC_WARN_UNINITIALIZED_AUTOS = YES_AGGRESSIVE;
				GCC_WARN_UNUSED_FUNCTION = YES;
				GCC_WARN_UNUSED_VARIABLE = YES;
				IPHONEOS_DEPLOYMENT_TARGET = 11.1;
				MTL_ENABLE_DEBUG_INFO = YES;
				ONLY_ACTIVE_ARCH = YES;
				SDKROOT = iphoneos;
				SWIFT_ACTIVE_COMPILATION_CONDITIONS = DEBUG;
				SWIFT_OPTIMIZATION_LEVEL = "-Onone";
			};
			name = Debug;
		};
		057A01331FB2317A00D951BE /* Release */ = {
			isa = XCBuildConfiguration;
			buildSettings = {
				ALWAYS_SEARCH_USER_PATHS = NO;
				CLANG_ANALYZER_NONNULL = YES;
				CLANG_ANALYZER_NUMBER_OBJECT_CONVERSION = YES_AGGRESSIVE;
				CLANG_CXX_LANGUAGE_STANDARD = "gnu++14";
				CLANG_CXX_LIBRARY = "libc++";
				CLANG_ENABLE_MODULES = YES;
				CLANG_ENABLE_OBJC_ARC = YES;
				CLANG_WARN_BLOCK_CAPTURE_AUTORELEASING = YES;
				CLANG_WARN_BOOL_CONVERSION = YES;
				CLANG_WARN_COMMA = YES;
				CLANG_WARN_CONSTANT_CONVERSION = YES;
				CLANG_WARN_DIRECT_OBJC_ISA_USAGE = YES_ERROR;
				CLANG_WARN_DOCUMENTATION_COMMENTS = YES;
				CLANG_WARN_EMPTY_BODY = YES;
				CLANG_WARN_ENUM_CONVERSION = YES;
				CLANG_WARN_INFINITE_RECURSION = YES;
				CLANG_WARN_INT_CONVERSION = YES;
				CLANG_WARN_NON_LITERAL_NULL_CONVERSION = YES;
				CLANG_WARN_OBJC_LITERAL_CONVERSION = YES;
				CLANG_WARN_OBJC_ROOT_CLASS = YES_ERROR;
				CLANG_WARN_RANGE_LOOP_ANALYSIS = YES;
				CLANG_WARN_STRICT_PROTOTYPES = YES;
				CLANG_WARN_SUSPICIOUS_MOVE = YES;
				CLANG_WARN_UNGUARDED_AVAILABILITY = YES_AGGRESSIVE;
				CLANG_WARN_UNREACHABLE_CODE = YES;
				CLANG_WARN__DUPLICATE_METHOD_MATCH = YES;
				CODE_SIGN_IDENTITY = "iPhone Developer";
				COPY_PHASE_STRIP = NO;
				DEBUG_INFORMATION_FORMAT = "dwarf-with-dsym";
				ENABLE_NS_ASSERTIONS = NO;
				ENABLE_STRICT_OBJC_MSGSEND = YES;
				GCC_C_LANGUAGE_STANDARD = gnu11;
				GCC_NO_COMMON_BLOCKS = YES;
				GCC_WARN_64_TO_32_BIT_CONVERSION = YES;
				GCC_WARN_ABOUT_RETURN_TYPE = YES_ERROR;
				GCC_WARN_UNDECLARED_SELECTOR = YES;
				GCC_WARN_UNINITIALIZED_AUTOS = YES_AGGRESSIVE;
				GCC_WARN_UNUSED_FUNCTION = YES;
				GCC_WARN_UNUSED_VARIABLE = YES;
				IPHONEOS_DEPLOYMENT_TARGET = 11.1;
				MTL_ENABLE_DEBUG_INFO = NO;
				SDKROOT = iphoneos;
				SWIFT_OPTIMIZATION_LEVEL = "-Owholemodule";
				VALIDATE_PRODUCT = YES;
			};
			name = Release;
		};
		057A01351FB2317A00D951BE /* Debug */ = {
			isa = XCBuildConfiguration;
			baseConfigurationReference = B1FCD627545561EEF1BDF60D /* Pods-Sail-iOS.debug.xcconfig */;
			buildSettings = {
				ASSETCATALOG_COMPILER_APPICON_NAME = AppIcon;
				CODE_SIGN_STYLE = Automatic;
				DEVELOPMENT_TEAM = J53H4T44Y4;
				INFOPLIST_FILE = "Sail-iOS/Info.plist";
				IPHONEOS_DEPLOYMENT_TARGET = 10.0;
				LD_RUNPATH_SEARCH_PATHS = "$(inherited) @executable_path/Frameworks";
				PRODUCT_BUNDLE_IDENTIFIER = "com.RyanPaglinawan.Sail-iOS";
				PRODUCT_NAME = "$(TARGET_NAME)";
				SWIFT_VERSION = 4.0;
				TARGETED_DEVICE_FAMILY = "1,2";
			};
			name = Debug;
		};
		057A01361FB2317A00D951BE /* Release */ = {
			isa = XCBuildConfiguration;
			baseConfigurationReference = 81B41AAD4ACBD36CF6CB4A37 /* Pods-Sail-iOS.release.xcconfig */;
			buildSettings = {
				ASSETCATALOG_COMPILER_APPICON_NAME = AppIcon;
				CODE_SIGN_STYLE = Automatic;
				DEVELOPMENT_TEAM = J53H4T44Y4;
				INFOPLIST_FILE = "Sail-iOS/Info.plist";
				IPHONEOS_DEPLOYMENT_TARGET = 10.0;
				LD_RUNPATH_SEARCH_PATHS = "$(inherited) @executable_path/Frameworks";
				PRODUCT_BUNDLE_IDENTIFIER = "com.RyanPaglinawan.Sail-iOS";
				PRODUCT_NAME = "$(TARGET_NAME)";
				SWIFT_VERSION = 4.0;
				TARGETED_DEVICE_FAMILY = "1,2";
			};
			name = Release;
		};
/* End XCBuildConfiguration section */

/* Begin XCConfigurationList section */
		057A011B1FB2317A00D951BE /* Build configuration list for PBXProject "Sail-iOS" */ = {
			isa = XCConfigurationList;
			buildConfigurations = (
				057A01321FB2317A00D951BE /* Debug */,
				057A01331FB2317A00D951BE /* Release */,
			);
			defaultConfigurationIsVisible = 0;
			defaultConfigurationName = Release;
		};
		057A01341FB2317A00D951BE /* Build configuration list for PBXNativeTarget "Sail-iOS" */ = {
			isa = XCConfigurationList;
			buildConfigurations = (
				057A01351FB2317A00D951BE /* Debug */,
				057A01361FB2317A00D951BE /* Release */,
			);
			defaultConfigurationIsVisible = 0;
			defaultConfigurationName = Release;
		};
/* End XCConfigurationList section */
	};
	rootObject = 057A01181FB2317A00D951BE /* Project object */;
}
