PODS:
  - Alamofire (4.6.0)
  - device_info (0.0.1):
    - Flutter
  - Flutter (1.0.0)
  - shared_preferences (0.0.1):
    - Flutter
  - SwiftSoup (1.6.0)
  - url_launcher (0.0.1):
    - Flutter

DEPENDENCIES:
  - Alamofire
  - device_info (from `/Users/ryanpaglinawan/.pub-cache/hosted/pub.dartlang.org/device_info-0.3.0/ios`)
  - Flutter (from `/Users/ryanpaglinawan/Library/flutter/bin/cache/artifacts/engine/ios`)
  - shared_preferences (from `/Users/ryanpaglinawan/.pub-cache/hosted/pub.dartlang.org/shared_preferences-0.4.3/ios`)
  - SwiftSoup
  - url_launcher (from `/Users/ryanpaglinawan/.pub-cache/git/plugins-4d702ad711f014760434122ce2bd06d2f41b5c6c/packages/url_launcher/ios`)

SPEC REPOS:
  https://github.com/cocoapods/specs.git:
    - Alamofire
    - SwiftSoup

EXTERNAL SOURCES:
  device_info:
    :path: "/Users/ryanpaglinawan/.pub-cache/hosted/pub.dartlang.org/device_info-0.3.0/ios"
  Flutter:
    :path: "/Users/ryanpaglinawan/Library/flutter/bin/cache/artifacts/engine/ios"
  shared_preferences:
    :path: "/Users/ryanpaglinawan/.pub-cache/hosted/pub.dartlang.org/shared_preferences-0.4.3/ios"
  url_launcher:
    :path: "/Users/ryanpaglinawan/.pub-cache/git/plugins-4d702ad711f014760434122ce2bd06d2f41b5c6c/packages/url_launcher/ios"

SPEC CHECKSUMS:
  Alamofire: f41a599bd63041760b26d393ec1069d9d7b917f4
  device_info: 76ce0b32e13034d1883be4a382433648f9dcee63
  Flutter: 9d0fac939486c9aba2809b7982dfdbb47a7b0296
  shared_preferences: 5a1d487c427ee18fcd3ea1f2a131569481834b53
  SwiftSoup: db0634b1571304cfef38eb0ee6505eb7d06765f1
  url_launcher: 92b89c1029a0373879933c21642958c874539095

PODFILE CHECKSUM: 686af4060dc8e7c368224ef63135f43eeab77b4f

COCOAPODS: 1.6.0.beta.1
